
Microsoft Visual Studio Solution File, Format Version 12.00
# Visual Studio 2012
Project("{FAE04EC0-301F-11D3-BF4B-00C04F79EFBC}") = "FunBoardTracker.Viewer", "FunBoardTracker.Viewer\FunBoardTracker.Viewer.csproj", "{021E3E6E-3869-46E4-9BD6-1A669E0D5B8F}"
EndProject
Project("{2150E333-8FDC-42A3-9474-1A3956D46DE8}") = "ExternalDll", "ExternalDll", "{3DC46D52-53F0-433D-AD20-2CA9CA162189}"
	ProjectSection(SolutionItems) = preProject
		ExternalDll\AForge.Vision.GlyphRecognition.dll = ExternalDll\AForge.Vision.GlyphRecognition.dll
	EndProjectSection
EndProject
Project("{FAE04EC0-301F-11D3-BF4B-00C04F79EFBC}") = "FunBoardTracker", "FunBoardTracker\FunBoardTracker.csproj", "{89C709FB-B83F-4BDA-AD4A-CC54ED915F7C}"
EndProject
Project("{FAE04EC0-301F-11D3-BF4B-00C04F79EFBC}") = "FunBoardTracker.Demo", "FunBoardTracker.Demo\FunBoardTracker.Demo.csproj", "{378E313A-EAB9-4222-8A46-FD7C1F750827}"
EndProject
Project("{FAE04EC0-301F-11D3-BF4B-00C04F79EFBC}") = "FunBoardTracker.Jira", "FunBoardTracker.Jira\FunBoardTracker.Jira.csproj", "{AE5A297C-E721-4279-BEED-A44CB2300B88}"
EndProject
Project("{2150E333-8FDC-42A3-9474-1A3956D46DE8}") = ".nuget", ".nuget", "{6A304DC5-9D1B-494F-B645-35EF56B9F457}"
	ProjectSection(SolutionItems) = preProject
		.nuget\NuGet.Config = .nuget\NuGet.Config
		.nuget\NuGet.exe = .nuget\NuGet.exe
		.nuget\NuGet.targets = .nuget\NuGet.targets
	EndProjectSection
EndProject
Global
	GlobalSection(SolutionConfigurationPlatforms) = preSolution
		Debug|Any CPU = Debug|Any CPU
		Release|Any CPU = Release|Any CPU
	EndGlobalSection
	GlobalSection(ProjectConfigurationPlatforms) = postSolution
		{021E3E6E-3869-46E4-9BD6-1A669E0D5B8F}.Debug|Any CPU.ActiveCfg = Debug|Any CPU
		{021E3E6E-3869-46E4-9BD6-1A669E0D5B8F}.Debug|Any CPU.Build.0 = Debug|Any CPU
		{021E3E6E-3869-46E4-9BD6-1A669E0D5B8F}.Release|Any CPU.ActiveCfg = Release|Any CPU
		{021E3E6E-3869-46E4-9BD6-1A669E0D5B8F}.Release|Any CPU.Build.0 = Release|Any CPU
		{89C709FB-B83F-4BDA-AD4A-CC54ED915F7C}.Debug|Any CPU.ActiveCfg = Debug|Any CPU
		{89C709FB-B83F-4BDA-AD4A-CC54ED915F7C}.Debug|Any CPU.Build.0 = Debug|Any CPU
		{89C709FB-B83F-4BDA-AD4A-CC54ED915F7C}.Release|Any CPU.ActiveCfg = Release|Any CPU
		{89C709FB-B83F-4BDA-AD4A-CC54ED915F7C}.Release|Any CPU.Build.0 = Release|Any CPU
		{378E313A-EAB9-4222-8A46-FD7C1F750827}.Debug|Any CPU.ActiveCfg = Debug|Any CPU
		{378E313A-EAB9-4222-8A46-FD7C1F750827}.Debug|Any CPU.Build.0 = Debug|Any CPU
		{378E313A-EAB9-4222-8A46-FD7C1F750827}.Release|Any CPU.ActiveCfg = Release|Any CPU
		{378E313A-EAB9-4222-8A46-FD7C1F750827}.Release|Any CPU.Build.0 = Release|Any CPU
		{AE5A297C-E721-4279-BEED-A44CB2300B88}.Debug|Any CPU.ActiveCfg = Debug|Any CPU
		{AE5A297C-E721-4279-BEED-A44CB2300B88}.Debug|Any CPU.Build.0 = Debug|Any CPU
		{AE5A297C-E721-4279-BEED-A44CB2300B88}.Release|Any CPU.ActiveCfg = Release|Any CPU
		{AE5A297C-E721-4279-BEED-A44CB2300B88}.Release|Any CPU.Build.0 = Release|Any CPU
	EndGlobalSection
	GlobalSection(SolutionProperties) = preSolution
		HideSolutionNode = FALSE
	EndGlobalSection
EndGlobal
